// !$*UTF8*$!
{
	archiveVersion = 1;
	classes = {
	};
	objectVersion = 55;
	objects = {

/* Begin PBXBuildFile section */
		192435079026E778FA0E1616 /* Pods_Habination.framework in Frameworks */ = {isa = PBXBuildFile; fileRef = 433C35785D4ECB2D75EFEEB2 /* Pods_Habination.framework */; };
		9E34EA102822EC870073B7B7 /* GoogleService-Info.plist in Resources */ = {isa = PBXBuildFile; fileRef = 9E34EA0F2822EC870073B7B7 /* GoogleService-Info.plist */; };
		9E34EA132822EEF40073B7B7 /* AuthorizationViewModel.swift in Sources */ = {isa = PBXBuildFile; fileRef = 9E34EA122822EEF40073B7B7 /* AuthorizationViewModel.swift */; };
		9E34EA152822F9550073B7B7 /* RegistrationViewModel.swift in Sources */ = {isa = PBXBuildFile; fileRef = 9E34EA142822F9550073B7B7 /* RegistrationViewModel.swift */; };
		9E769EF027FD82D800A4B454 /* AddNewHabbitScreen.swift in Sources */ = {isa = PBXBuildFile; fileRef = 9E769EEF27FD82D800A4B454 /* AddNewHabbitScreen.swift */; };
		9E769EF527FD844D00A4B454 /* CustomDropDownList.swift in Sources */ = {isa = PBXBuildFile; fileRef = 9E769EF427FD844D00A4B454 /* CustomDropDownList.swift */; };
		9E769EF727FD845500A4B454 /* ChooseReminder.swift in Sources */ = {isa = PBXBuildFile; fileRef = 9E769EF627FD845500A4B454 /* ChooseReminder.swift */; };
		9E9E7B1327FED8C9005F75D3 /* RegistrationScreen.swift in Sources */ = {isa = PBXBuildFile; fileRef = 9E9E7B1227FED8C9005F75D3 /* RegistrationScreen.swift */; };
		9E9E7B1527FF3596005F75D3 /* CustomTextField.swift in Sources */ = {isa = PBXBuildFile; fileRef = 9E9E7B1427FF3596005F75D3 /* CustomTextField.swift */; };
		9E9E7B172801D931005F75D3 /* PlaceHolderTextField.swift in Sources */ = {isa = PBXBuildFile; fileRef = 9E9E7B162801D931005F75D3 /* PlaceHolderTextField.swift */; };
		9EBC577A2805A7F1004EC3A4 /* PlaceHolderStyle.swift in Sources */ = {isa = PBXBuildFile; fileRef = 9EBC57792805A7F1004EC3A4 /* PlaceHolderStyle.swift */; };
		9EBC577D28067BC5004EC3A4 /* ProfileScreen.swift in Sources */ = {isa = PBXBuildFile; fileRef = 9EBC577C28067BC5004EC3A4 /* ProfileScreen.swift */; };
		9EBC578528069457004EC3A4 /* HabitScreen.swift in Sources */ = {isa = PBXBuildFile; fileRef = 9EBC578428069457004EC3A4 /* HabitScreen.swift */; };
		9EBC57882806A35C004EC3A4 /* ListRowOfHabbitProperty.swift in Sources */ = {isa = PBXBuildFile; fileRef = 9EBC57872806A35C004EC3A4 /* ListRowOfHabbitProperty.swift */; };
		9EBC578B2806A51E004EC3A4 /* DateValue.swift in Sources */ = {isa = PBXBuildFile; fileRef = 9EBC578A2806A51E004EC3A4 /* DateValue.swift */; };
		9EBC578E2806E8BB004EC3A4 /* AuthorizationScreen.swift in Sources */ = {isa = PBXBuildFile; fileRef = 9EBC578D2806E8BB004EC3A4 /* AuthorizationScreen.swift */; };
		9EBC57902806F40F004EC3A4 /* BottomNavigation.swift in Sources */ = {isa = PBXBuildFile; fileRef = 9EBC578F2806F40F004EC3A4 /* BottomNavigation.swift */; };
		9EBEAC68281B0B400036125C /* CornerRadiusToView.swift in Sources */ = {isa = PBXBuildFile; fileRef = 9EBEAC67281B0B400036125C /* CornerRadiusToView.swift */; };
		9EBEAC6A281BF2780036125C /* GetAllDateExtensionToDate.swift in Sources */ = {isa = PBXBuildFile; fileRef = 9EBEAC69281BF2780036125C /* GetAllDateExtensionToDate.swift */; };
		9EBEAC6C281BF2B60036125C /* FontWithLineHeight.swift in Sources */ = {isa = PBXBuildFile; fileRef = 9EBEAC6B281BF2B60036125C /* FontWithLineHeight.swift */; };
		9EBEAC7728222C5C0036125C /* ProgressCircle.swift in Sources */ = {isa = PBXBuildFile; fileRef = 9EBEAC7628222C5C0036125C /* ProgressCircle.swift */; };
		9ECC6ACE2823DBF400E6F3D6 /* UserService.swift in Sources */ = {isa = PBXBuildFile; fileRef = 9ECC6ACD2823DBF400E6F3D6 /* UserService.swift */; };
		9ECC6AD02823DFFD00E6F3D6 /* User.swift in Sources */ = {isa = PBXBuildFile; fileRef = 9ECC6ACF2823DFFD00E6F3D6 /* User.swift */; };
		9ECC6AD22823EF4E00E6F3D6 /* HabitService.swift in Sources */ = {isa = PBXBuildFile; fileRef = 9ECC6AD12823EF4E00E6F3D6 /* HabitService.swift */; };
		9ECC6AD52823F85F00E6F3D6 /* AddNewHabitViewModel.swift in Sources */ = {isa = PBXBuildFile; fileRef = 9ECC6AD42823F85F00E6F3D6 /* AddNewHabitViewModel.swift */; };
		9ECC6AD72824035700E6F3D6 /* ColorToHex.swift in Sources */ = {isa = PBXBuildFile; fileRef = 9ECC6AD62824035700E6F3D6 /* ColorToHex.swift */; };
		9ECC6ADA2824148C00E6F3D6 /* MainScreenViewModel.swift in Sources */ = {isa = PBXBuildFile; fileRef = 9ECC6AD92824148C00E6F3D6 /* MainScreenViewModel.swift */; };
		9ED90CE527FC70FD00F50A4E /* HabbiTrackerApp.swift in Sources */ = {isa = PBXBuildFile; fileRef = 9ED90CE427FC70FD00F50A4E /* HabbiTrackerApp.swift */; };
		9ED90CE727FC70FD00F50A4E /* ContentView.swift in Sources */ = {isa = PBXBuildFile; fileRef = 9ED90CE627FC70FD00F50A4E /* ContentView.swift */; };
		9ED90CE927FC70FE00F50A4E /* Assets.xcassets in Resources */ = {isa = PBXBuildFile; fileRef = 9ED90CE827FC70FE00F50A4E /* Assets.xcassets */; };
		9ED90CEC27FC70FE00F50A4E /* Preview Assets.xcassets in Resources */ = {isa = PBXBuildFile; fileRef = 9ED90CEB27FC70FE00F50A4E /* Preview Assets.xcassets */; };
		9ED90CF627FC70FE00F50A4E /* HabbiTrackerTests.swift in Sources */ = {isa = PBXBuildFile; fileRef = 9ED90CF527FC70FE00F50A4E /* HabbiTrackerTests.swift */; };
		9ED90D0027FC70FE00F50A4E /* HabbiTrackerUITests.swift in Sources */ = {isa = PBXBuildFile; fileRef = 9ED90CFF27FC70FE00F50A4E /* HabbiTrackerUITests.swift */; };
		9ED90D0227FC70FE00F50A4E /* HabbiTrackerUITestsLaunchTests.swift in Sources */ = {isa = PBXBuildFile; fileRef = 9ED90D0127FC70FE00F50A4E /* HabbiTrackerUITestsLaunchTests.swift */; };
		9ED90D1727FC770F00F50A4E /* Colours.swift in Sources */ = {isa = PBXBuildFile; fileRef = 9ED90D1527FC770F00F50A4E /* Colours.swift */; };
		9ED90D1827FC770F00F50A4E /* ThemeColors.xcassets in Resources */ = {isa = PBXBuildFile; fileRef = 9ED90D1627FC770F00F50A4E /* ThemeColors.xcassets */; };
		9ED90D1B27FC77B200F50A4E /* MainScreen.swift in Sources */ = {isa = PBXBuildFile; fileRef = 9ED90D1A27FC77B200F50A4E /* MainScreen.swift */; };
		9ED90D1E27FC78AE00F50A4E /* TimeLapseSheet.swift in Sources */ = {isa = PBXBuildFile; fileRef = 9ED90D1D27FC78AE00F50A4E /* TimeLapseSheet.swift */; };
		9ED90D2027FC7AF300F50A4E /* CardOfHabbits.swift in Sources */ = {isa = PBXBuildFile; fileRef = 9ED90D1F27FC7AF300F50A4E /* CardOfHabbits.swift */; };
		9ED90D2227FC7B0B00F50A4E /* Habit.swift in Sources */ = {isa = PBXBuildFile; fileRef = 9ED90D2127FC7B0B00F50A4E /* Habit.swift */; };
		9ED90D2527FC7BE200F50A4E /* HexToColor.swift in Sources */ = {isa = PBXBuildFile; fileRef = 9ED90D2427FC7BE200F50A4E /* HexToColor.swift */; };
		9ED90D2727FC7C2200F50A4E /* OneHabbitCard.swift in Sources */ = {isa = PBXBuildFile; fileRef = 9ED90D2627FC7C2200F50A4E /* OneHabbitCard.swift */; };
		9ED90D2927FC7ECE00F50A4E /* SwiftUIView.swift in Sources */ = {isa = PBXBuildFile; fileRef = 9ED90D2827FC7ECE00F50A4E /* SwiftUIView.swift */; };
		9ED90D2B27FC7EE600F50A4E /* BigButton.swift in Sources */ = {isa = PBXBuildFile; fileRef = 9ED90D2A27FC7EE600F50A4E /* BigButton.swift */; };
		9EE2C9A2282261870001645E /* ProfileViewModel.swift in Sources */ = {isa = PBXBuildFile; fileRef = 9EE2C9A1282261870001645E /* ProfileViewModel.swift */; };
		9EE2C9A4282266350001645E /* ProfileCarousel.swift in Sources */ = {isa = PBXBuildFile; fileRef = 9EE2C9A3282266350001645E /* ProfileCarousel.swift */; };
		9EE2C9A72822899A0001645E /* FontWithLineHeightModifier.swift in Sources */ = {isa = PBXBuildFile; fileRef = 9EE2C9A62822899A0001645E /* FontWithLineHeightModifier.swift */; };
		9EED70AC281167FD00AD9999 /* ProfileHabbitsCard.swift in Sources */ = {isa = PBXBuildFile; fileRef = 9EED70AB281167FD00AD9999 /* ProfileHabbitsCard.swift */; };
		A6772374E3FF76DE4046F22B /* Pods_HabinationTests.framework in Frameworks */ = {isa = PBXBuildFile; fileRef = A9831306AC5BA5DCC635408E /* Pods_HabinationTests.framework */; };
		EE6CC3391E7604A4D5D95CC4 /* Pods_Habination_HabinationUITests.framework in Frameworks */ = {isa = PBXBuildFile; fileRef = C638ACAEAFF00014874B7A26 /* Pods_Habination_HabinationUITests.framework */; };
/* End PBXBuildFile section */

/* Begin PBXContainerItemProxy section */
		9ED90CF227FC70FE00F50A4E /* PBXContainerItemProxy */ = {
			isa = PBXContainerItemProxy;
			containerPortal = 9ED90CD927FC70FD00F50A4E /* Project object */;
			proxyType = 1;
			remoteGlobalIDString = 9ED90CE027FC70FD00F50A4E;
			remoteInfo = HabbiTracker;
		};
		9ED90CFC27FC70FE00F50A4E /* PBXContainerItemProxy */ = {
			isa = PBXContainerItemProxy;
			containerPortal = 9ED90CD927FC70FD00F50A4E /* Project object */;
			proxyType = 1;
			remoteGlobalIDString = 9ED90CE027FC70FD00F50A4E;
			remoteInfo = HabbiTracker;
		};
/* End PBXContainerItemProxy section */

/* Begin PBXFileReference section */
		00141F2D6F7C0840A2030238 /* Pods-HabinationTests.release.xcconfig */ = {isa = PBXFileReference; includeInIndex = 1; lastKnownFileType = text.xcconfig; name = "Pods-HabinationTests.release.xcconfig"; path = "Target Support Files/Pods-HabinationTests/Pods-HabinationTests.release.xcconfig"; sourceTree = "<group>"; };
		3E83BCD453F48EF76A2B0E77 /* Pods-Habination-HabinationUITests.debug.xcconfig */ = {isa = PBXFileReference; includeInIndex = 1; lastKnownFileType = text.xcconfig; name = "Pods-Habination-HabinationUITests.debug.xcconfig"; path = "Target Support Files/Pods-Habination-HabinationUITests/Pods-Habination-HabinationUITests.debug.xcconfig"; sourceTree = "<group>"; };
		433C35785D4ECB2D75EFEEB2 /* Pods_Habination.framework */ = {isa = PBXFileReference; explicitFileType = wrapper.framework; includeInIndex = 0; path = Pods_Habination.framework; sourceTree = BUILT_PRODUCTS_DIR; };
		9E34EA0F2822EC870073B7B7 /* GoogleService-Info.plist */ = {isa = PBXFileReference; fileEncoding = 4; lastKnownFileType = text.plist.xml; path = "GoogleService-Info.plist"; sourceTree = "<group>"; };
		9E34EA122822EEF40073B7B7 /* AuthorizationViewModel.swift */ = {isa = PBXFileReference; lastKnownFileType = sourcecode.swift; path = AuthorizationViewModel.swift; sourceTree = "<group>"; };
		9E34EA142822F9550073B7B7 /* RegistrationViewModel.swift */ = {isa = PBXFileReference; lastKnownFileType = sourcecode.swift; path = RegistrationViewModel.swift; sourceTree = "<group>"; };
		9E769EEF27FD82D800A4B454 /* AddNewHabbitScreen.swift */ = {isa = PBXFileReference; lastKnownFileType = sourcecode.swift; path = AddNewHabbitScreen.swift; sourceTree = "<group>"; };
		9E769EF427FD844D00A4B454 /* CustomDropDownList.swift */ = {isa = PBXFileReference; fileEncoding = 4; lastKnownFileType = sourcecode.swift; path = CustomDropDownList.swift; sourceTree = "<group>"; };
		9E769EF627FD845500A4B454 /* ChooseReminder.swift */ = {isa = PBXFileReference; fileEncoding = 4; lastKnownFileType = sourcecode.swift; path = ChooseReminder.swift; sourceTree = "<group>"; };
		9E9E7B1227FED8C9005F75D3 /* RegistrationScreen.swift */ = {isa = PBXFileReference; lastKnownFileType = sourcecode.swift; path = RegistrationScreen.swift; sourceTree = "<group>"; };
		9E9E7B1427FF3596005F75D3 /* CustomTextField.swift */ = {isa = PBXFileReference; lastKnownFileType = sourcecode.swift; path = CustomTextField.swift; sourceTree = "<group>"; };
		9E9E7B162801D931005F75D3 /* PlaceHolderTextField.swift */ = {isa = PBXFileReference; lastKnownFileType = sourcecode.swift; path = PlaceHolderTextField.swift; sourceTree = "<group>"; };
		9EBC57792805A7F1004EC3A4 /* PlaceHolderStyle.swift */ = {isa = PBXFileReference; lastKnownFileType = sourcecode.swift; path = PlaceHolderStyle.swift; sourceTree = "<group>"; };
		9EBC577C28067BC5004EC3A4 /* ProfileScreen.swift */ = {isa = PBXFileReference; lastKnownFileType = sourcecode.swift; path = ProfileScreen.swift; sourceTree = "<group>"; };
		9EBC578428069457004EC3A4 /* HabitScreen.swift */ = {isa = PBXFileReference; lastKnownFileType = sourcecode.swift; path = HabitScreen.swift; sourceTree = "<group>"; };
		9EBC57872806A35C004EC3A4 /* ListRowOfHabbitProperty.swift */ = {isa = PBXFileReference; lastKnownFileType = sourcecode.swift; path = ListRowOfHabbitProperty.swift; sourceTree = "<group>"; };
		9EBC578A2806A51E004EC3A4 /* DateValue.swift */ = {isa = PBXFileReference; lastKnownFileType = sourcecode.swift; path = DateValue.swift; sourceTree = "<group>"; };
		9EBC578D2806E8BB004EC3A4 /* AuthorizationScreen.swift */ = {isa = PBXFileReference; lastKnownFileType = sourcecode.swift; path = AuthorizationScreen.swift; sourceTree = "<group>"; };
		9EBC578F2806F40F004EC3A4 /* BottomNavigation.swift */ = {isa = PBXFileReference; lastKnownFileType = sourcecode.swift; path = BottomNavigation.swift; sourceTree = "<group>"; };
		9EBEAC67281B0B400036125C /* CornerRadiusToView.swift */ = {isa = PBXFileReference; lastKnownFileType = sourcecode.swift; path = CornerRadiusToView.swift; sourceTree = "<group>"; };
		9EBEAC69281BF2780036125C /* GetAllDateExtensionToDate.swift */ = {isa = PBXFileReference; lastKnownFileType = sourcecode.swift; path = GetAllDateExtensionToDate.swift; sourceTree = "<group>"; };
		9EBEAC6B281BF2B60036125C /* FontWithLineHeight.swift */ = {isa = PBXFileReference; lastKnownFileType = sourcecode.swift; path = FontWithLineHeight.swift; sourceTree = "<group>"; };
		9EBEAC7628222C5C0036125C /* ProgressCircle.swift */ = {isa = PBXFileReference; lastKnownFileType = sourcecode.swift; path = ProgressCircle.swift; sourceTree = "<group>"; };
		9ECC6ACD2823DBF400E6F3D6 /* UserService.swift */ = {isa = PBXFileReference; lastKnownFileType = sourcecode.swift; path = UserService.swift; sourceTree = "<group>"; };
		9ECC6ACF2823DFFD00E6F3D6 /* User.swift */ = {isa = PBXFileReference; lastKnownFileType = sourcecode.swift; path = User.swift; sourceTree = "<group>"; };
		9ECC6AD12823EF4E00E6F3D6 /* HabitService.swift */ = {isa = PBXFileReference; lastKnownFileType = sourcecode.swift; path = HabitService.swift; sourceTree = "<group>"; };
		9ECC6AD42823F85F00E6F3D6 /* AddNewHabitViewModel.swift */ = {isa = PBXFileReference; lastKnownFileType = sourcecode.swift; path = AddNewHabitViewModel.swift; sourceTree = "<group>"; };
		9ECC6AD62824035700E6F3D6 /* ColorToHex.swift */ = {isa = PBXFileReference; lastKnownFileType = sourcecode.swift; path = ColorToHex.swift; sourceTree = "<group>"; };
		9ECC6AD92824148C00E6F3D6 /* MainScreenViewModel.swift */ = {isa = PBXFileReference; lastKnownFileType = sourcecode.swift; path = MainScreenViewModel.swift; sourceTree = "<group>"; };
		9ED90CE127FC70FD00F50A4E /* Habination.app */ = {isa = PBXFileReference; explicitFileType = wrapper.application; includeInIndex = 0; path = Habination.app; sourceTree = BUILT_PRODUCTS_DIR; };
		9ED90CE427FC70FD00F50A4E /* HabbiTrackerApp.swift */ = {isa = PBXFileReference; lastKnownFileType = sourcecode.swift; path = HabbiTrackerApp.swift; sourceTree = "<group>"; };
		9ED90CE627FC70FD00F50A4E /* ContentView.swift */ = {isa = PBXFileReference; lastKnownFileType = sourcecode.swift; path = ContentView.swift; sourceTree = "<group>"; };
		9ED90CE827FC70FE00F50A4E /* Assets.xcassets */ = {isa = PBXFileReference; lastKnownFileType = folder.assetcatalog; path = Assets.xcassets; sourceTree = "<group>"; };
		9ED90CEB27FC70FE00F50A4E /* Preview Assets.xcassets */ = {isa = PBXFileReference; lastKnownFileType = folder.assetcatalog; path = "Preview Assets.xcassets"; sourceTree = "<group>"; };
		9ED90CF127FC70FE00F50A4E /* HabinationTests.xctest */ = {isa = PBXFileReference; explicitFileType = wrapper.cfbundle; includeInIndex = 0; path = HabinationTests.xctest; sourceTree = BUILT_PRODUCTS_DIR; };
		9ED90CF527FC70FE00F50A4E /* HabbiTrackerTests.swift */ = {isa = PBXFileReference; lastKnownFileType = sourcecode.swift; path = HabbiTrackerTests.swift; sourceTree = "<group>"; };
		9ED90CFB27FC70FE00F50A4E /* HabinationUITests.xctest */ = {isa = PBXFileReference; explicitFileType = wrapper.cfbundle; includeInIndex = 0; path = HabinationUITests.xctest; sourceTree = BUILT_PRODUCTS_DIR; };
		9ED90CFF27FC70FE00F50A4E /* HabbiTrackerUITests.swift */ = {isa = PBXFileReference; lastKnownFileType = sourcecode.swift; path = HabbiTrackerUITests.swift; sourceTree = "<group>"; };
		9ED90D0127FC70FE00F50A4E /* HabbiTrackerUITestsLaunchTests.swift */ = {isa = PBXFileReference; lastKnownFileType = sourcecode.swift; path = HabbiTrackerUITestsLaunchTests.swift; sourceTree = "<group>"; };
		9ED90D1527FC770F00F50A4E /* Colours.swift */ = {isa = PBXFileReference; fileEncoding = 4; lastKnownFileType = sourcecode.swift; path = Colours.swift; sourceTree = "<group>"; };
		9ED90D1627FC770F00F50A4E /* ThemeColors.xcassets */ = {isa = PBXFileReference; lastKnownFileType = folder.assetcatalog; path = ThemeColors.xcassets; sourceTree = "<group>"; };
		9ED90D1A27FC77B200F50A4E /* MainScreen.swift */ = {isa = PBXFileReference; lastKnownFileType = sourcecode.swift; path = MainScreen.swift; sourceTree = "<group>"; };
		9ED90D1D27FC78AE00F50A4E /* TimeLapseSheet.swift */ = {isa = PBXFileReference; fileEncoding = 4; lastKnownFileType = sourcecode.swift; path = TimeLapseSheet.swift; sourceTree = "<group>"; };
		9ED90D1F27FC7AF300F50A4E /* CardOfHabbits.swift */ = {isa = PBXFileReference; fileEncoding = 4; lastKnownFileType = sourcecode.swift; path = CardOfHabbits.swift; sourceTree = "<group>"; };
		9ED90D2127FC7B0B00F50A4E /* Habit.swift */ = {isa = PBXFileReference; lastKnownFileType = sourcecode.swift; path = Habit.swift; sourceTree = "<group>"; };
		9ED90D2427FC7BE200F50A4E /* HexToColor.swift */ = {isa = PBXFileReference; lastKnownFileType = sourcecode.swift; path = HexToColor.swift; sourceTree = "<group>"; };
		9ED90D2627FC7C2200F50A4E /* OneHabbitCard.swift */ = {isa = PBXFileReference; fileEncoding = 4; lastKnownFileType = sourcecode.swift; path = OneHabbitCard.swift; sourceTree = "<group>"; };
		9ED90D2827FC7ECE00F50A4E /* SwiftUIView.swift */ = {isa = PBXFileReference; lastKnownFileType = sourcecode.swift; path = SwiftUIView.swift; sourceTree = "<group>"; };
		9ED90D2A27FC7EE600F50A4E /* BigButton.swift */ = {isa = PBXFileReference; lastKnownFileType = sourcecode.swift; path = BigButton.swift; sourceTree = "<group>"; };
		9EE2C9A1282261870001645E /* ProfileViewModel.swift */ = {isa = PBXFileReference; lastKnownFileType = sourcecode.swift; path = ProfileViewModel.swift; sourceTree = "<group>"; };
		9EE2C9A3282266350001645E /* ProfileCarousel.swift */ = {isa = PBXFileReference; lastKnownFileType = sourcecode.swift; path = ProfileCarousel.swift; sourceTree = "<group>"; };
		9EE2C9A62822899A0001645E /* FontWithLineHeightModifier.swift */ = {isa = PBXFileReference; lastKnownFileType = sourcecode.swift; path = FontWithLineHeightModifier.swift; sourceTree = "<group>"; };
		9EED70AB281167FD00AD9999 /* ProfileHabbitsCard.swift */ = {isa = PBXFileReference; lastKnownFileType = sourcecode.swift; path = ProfileHabbitsCard.swift; sourceTree = "<group>"; };
		A9831306AC5BA5DCC635408E /* Pods_HabinationTests.framework */ = {isa = PBXFileReference; explicitFileType = wrapper.framework; includeInIndex = 0; path = Pods_HabinationTests.framework; sourceTree = BUILT_PRODUCTS_DIR; };
		AAA79FEBF33CB419C5CE3576 /* Pods-Habination.debug.xcconfig */ = {isa = PBXFileReference; includeInIndex = 1; lastKnownFileType = text.xcconfig; name = "Pods-Habination.debug.xcconfig"; path = "Target Support Files/Pods-Habination/Pods-Habination.debug.xcconfig"; sourceTree = "<group>"; };
		AFB88723B3F17F8F22782321 /* Pods-Habination-HabinationUITests.release.xcconfig */ = {isa = PBXFileReference; includeInIndex = 1; lastKnownFileType = text.xcconfig; name = "Pods-Habination-HabinationUITests.release.xcconfig"; path = "Target Support Files/Pods-Habination-HabinationUITests/Pods-Habination-HabinationUITests.release.xcconfig"; sourceTree = "<group>"; };
		C638ACAEAFF00014874B7A26 /* Pods_Habination_HabinationUITests.framework */ = {isa = PBXFileReference; explicitFileType = wrapper.framework; includeInIndex = 0; path = Pods_Habination_HabinationUITests.framework; sourceTree = BUILT_PRODUCTS_DIR; };
		CAEB6314E83C373B3D31966F /* Pods-Habination.release.xcconfig */ = {isa = PBXFileReference; includeInIndex = 1; lastKnownFileType = text.xcconfig; name = "Pods-Habination.release.xcconfig"; path = "Target Support Files/Pods-Habination/Pods-Habination.release.xcconfig"; sourceTree = "<group>"; };
		D8F34ADB769000DDDB36F6F1 /* Pods-HabinationTests.debug.xcconfig */ = {isa = PBXFileReference; includeInIndex = 1; lastKnownFileType = text.xcconfig; name = "Pods-HabinationTests.debug.xcconfig"; path = "Target Support Files/Pods-HabinationTests/Pods-HabinationTests.debug.xcconfig"; sourceTree = "<group>"; };
/* End PBXFileReference section */

/* Begin PBXFrameworksBuildPhase section */
		9ED90CDE27FC70FD00F50A4E /* Frameworks */ = {
			isa = PBXFrameworksBuildPhase;
			buildActionMask = 2147483647;
			files = (
				192435079026E778FA0E1616 /* Pods_Habination.framework in Frameworks */,
			);
			runOnlyForDeploymentPostprocessing = 0;
		};
		9ED90CEE27FC70FE00F50A4E /* Frameworks */ = {
			isa = PBXFrameworksBuildPhase;
			buildActionMask = 2147483647;
			files = (
				A6772374E3FF76DE4046F22B /* Pods_HabinationTests.framework in Frameworks */,
			);
			runOnlyForDeploymentPostprocessing = 0;
		};
		9ED90CF827FC70FE00F50A4E /* Frameworks */ = {
			isa = PBXFrameworksBuildPhase;
			buildActionMask = 2147483647;
			files = (
				EE6CC3391E7604A4D5D95CC4 /* Pods_Habination_HabinationUITests.framework in Frameworks */,
			);
			runOnlyForDeploymentPostprocessing = 0;
		};
/* End PBXFrameworksBuildPhase section */

/* Begin PBXGroup section */
		20FF3E08FCE6ECDD6A777582 /* Pods */ = {
			isa = PBXGroup;
			children = (
				AAA79FEBF33CB419C5CE3576 /* Pods-Habination.debug.xcconfig */,
				CAEB6314E83C373B3D31966F /* Pods-Habination.release.xcconfig */,
				3E83BCD453F48EF76A2B0E77 /* Pods-Habination-HabinationUITests.debug.xcconfig */,
				AFB88723B3F17F8F22782321 /* Pods-Habination-HabinationUITests.release.xcconfig */,
				D8F34ADB769000DDDB36F6F1 /* Pods-HabinationTests.debug.xcconfig */,
				00141F2D6F7C0840A2030238 /* Pods-HabinationTests.release.xcconfig */,
			);
			path = Pods;
			sourceTree = "<group>";
		};
		9E34EA112822EEBD0073B7B7 /* ViewModel */ = {
			isa = PBXGroup;
			children = (
				9E34EA122822EEF40073B7B7 /* AuthorizationViewModel.swift */,
			);
			path = ViewModel;
			sourceTree = "<group>";
		};
		9E769EF127FD842500A4B454 /* AddNewHabbitScreen */ = {
			isa = PBXGroup;
			children = (
				9ECC6AD32823F84E00E6F3D6 /* ViewModel */,
				9E769EF227FD843000A4B454 /* Components */,
				9E769EEF27FD82D800A4B454 /* AddNewHabbitScreen.swift */,
			);
			path = AddNewHabbitScreen;
			sourceTree = "<group>";
		};
		9E769EF227FD843000A4B454 /* Components */ = {
			isa = PBXGroup;
			children = (
				9E769EF627FD845500A4B454 /* ChooseReminder.swift */,
				9E769EF427FD844D00A4B454 /* CustomDropDownList.swift */,
			);
			path = Components;
			sourceTree = "<group>";
		};
		9E9E7B1027FED834005F75D3 /* RegistraionScreen */ = {
			isa = PBXGroup;
			children = (
				9E9E7B1127FED84C005F75D3 /* Components */,
				9E9E7B1227FED8C9005F75D3 /* RegistrationScreen.swift */,
				9E34EA142822F9550073B7B7 /* RegistrationViewModel.swift */,
			);
			path = RegistraionScreen;
			sourceTree = "<group>";
		};
		9E9E7B1127FED84C005F75D3 /* Components */ = {
			isa = PBXGroup;
			children = (
				9E9E7B1427FF3596005F75D3 /* CustomTextField.swift */,
			);
			path = Components;
			sourceTree = "<group>";
		};
		9EBC57782805A7E1004EC3A4 /* Common */ = {
			isa = PBXGroup;
			children = (
				9ED90D2A27FC7EE600F50A4E /* BigButton.swift */,
				9EBC57792805A7F1004EC3A4 /* PlaceHolderStyle.swift */,
				9EBC578F2806F40F004EC3A4 /* BottomNavigation.swift */,
				9EBEAC7628222C5C0036125C /* ProgressCircle.swift */,
			);
			path = Common;
			sourceTree = "<group>";
		};
		9EBC577B28067BB5004EC3A4 /* ProfileScreen */ = {
			isa = PBXGroup;
			children = (
				9EE2C9A02822617A0001645E /* ViewModel */,
				9EBC577E28067BCA004EC3A4 /* Components */,
				9EBC577C28067BC5004EC3A4 /* ProfileScreen.swift */,
			);
			path = ProfileScreen;
			sourceTree = "<group>";
		};
		9EBC577E28067BCA004EC3A4 /* Components */ = {
			isa = PBXGroup;
			children = (
				9EED70AB281167FD00AD9999 /* ProfileHabbitsCard.swift */,
				9EE2C9A3282266350001645E /* ProfileCarousel.swift */,
			);
			path = Components;
			sourceTree = "<group>";
		};
		9EBC578128069400004EC3A4 /* HabitScreen */ = {
			isa = PBXGroup;
			children = (
				9EBC57892806A512004EC3A4 /* Model */,
				9EBC578628069D92004EC3A4 /* Components */,
				9EBC578428069457004EC3A4 /* HabitScreen.swift */,
			);
			path = HabitScreen;
			sourceTree = "<group>";
		};
		9EBC578628069D92004EC3A4 /* Components */ = {
			isa = PBXGroup;
			children = (
				9EBC57872806A35C004EC3A4 /* ListRowOfHabbitProperty.swift */,
			);
			path = Components;
			sourceTree = "<group>";
		};
		9EBC57892806A512004EC3A4 /* Model */ = {
			isa = PBXGroup;
			children = (
				9EBC578A2806A51E004EC3A4 /* DateValue.swift */,
			);
			path = Model;
			sourceTree = "<group>";
		};
		9EBC578C2806E817004EC3A4 /* AuthorizationScreen */ = {
			isa = PBXGroup;
			children = (
				9E34EA112822EEBD0073B7B7 /* ViewModel */,
				9EBC578D2806E8BB004EC3A4 /* AuthorizationScreen.swift */,
			);
			path = AuthorizationScreen;
			sourceTree = "<group>";
		};
		9EBEAC66281B0B1B0036125C /* Extensions */ = {
			isa = PBXGroup;
			children = (
				9EBEAC67281B0B400036125C /* CornerRadiusToView.swift */,
				9EBEAC69281BF2780036125C /* GetAllDateExtensionToDate.swift */,
				9EBEAC6B281BF2B60036125C /* FontWithLineHeight.swift */,
			);
			path = Extensions;
			sourceTree = "<group>";
		};
		9ECC6ACC2823DBE300E6F3D6 /* Services */ = {
			isa = PBXGroup;
			children = (
				9ECC6ACD2823DBF400E6F3D6 /* UserService.swift */,
				9ECC6AD12823EF4E00E6F3D6 /* HabitService.swift */,
			);
			path = Services;
			sourceTree = "<group>";
		};
		9ECC6AD32823F84E00E6F3D6 /* ViewModel */ = {
			isa = PBXGroup;
			children = (
				9ECC6AD42823F85F00E6F3D6 /* AddNewHabitViewModel.swift */,
			);
			path = ViewModel;
			sourceTree = "<group>";
		};
		9ECC6AD82824147D00E6F3D6 /* ViewModel */ = {
			isa = PBXGroup;
			children = (
				9ECC6AD92824148C00E6F3D6 /* MainScreenViewModel.swift */,
			);
			path = ViewModel;
			sourceTree = "<group>";
		};
		9ED90CD827FC70FD00F50A4E = {
			isa = PBXGroup;
			children = (
				9ED90CE327FC70FD00F50A4E /* Habination */,
				9ED90CF427FC70FE00F50A4E /* HabinationTests */,
				9ED90CFE27FC70FE00F50A4E /* HabinationUITests */,
				9ED90CE227FC70FD00F50A4E /* Products */,
				20FF3E08FCE6ECDD6A777582 /* Pods */,
				CA88E293552D9A9A0C490ECD /* Frameworks */,
			);
			sourceTree = "<group>";
		};
		9ED90CE227FC70FD00F50A4E /* Products */ = {
			isa = PBXGroup;
			children = (
				9ED90CE127FC70FD00F50A4E /* Habination.app */,
				9ED90CF127FC70FE00F50A4E /* HabinationTests.xctest */,
				9ED90CFB27FC70FE00F50A4E /* HabinationUITests.xctest */,
			);
			name = Products;
			sourceTree = "<group>";
		};
		9ED90CE327FC70FD00F50A4E /* Habination */ = {
			isa = PBXGroup;
			children = (
				9E34EA0F2822EC870073B7B7 /* GoogleService-Info.plist */,
				9ECC6ACC2823DBE300E6F3D6 /* Services */,
				9ED90D2327FC7BD100F50A4E /* Extension */,
				9ED90D1127FC727500F50A4E /* Model */,
				9ED90D0E27FC720500F50A4E /* Core */,
				9ED90CE427FC70FD00F50A4E /* HabbiTrackerApp.swift */,
				9ED90CE627FC70FD00F50A4E /* ContentView.swift */,
				9ED90CE827FC70FE00F50A4E /* Assets.xcassets */,
				9ED90CEA27FC70FE00F50A4E /* Preview Content */,
			);
			path = Habination;
			sourceTree = "<group>";
		};
		9ED90CEA27FC70FE00F50A4E /* Preview Content */ = {
			isa = PBXGroup;
			children = (
				9ED90CEB27FC70FE00F50A4E /* Preview Assets.xcassets */,
			);
			path = "Preview Content";
			sourceTree = "<group>";
		};
		9ED90CF427FC70FE00F50A4E /* HabinationTests */ = {
			isa = PBXGroup;
			children = (
				9ED90CF527FC70FE00F50A4E /* HabbiTrackerTests.swift */,
			);
			path = HabinationTests;
			sourceTree = "<group>";
		};
		9ED90CFE27FC70FE00F50A4E /* HabinationUITests */ = {
			isa = PBXGroup;
			children = (
				9ED90CFF27FC70FE00F50A4E /* HabbiTrackerUITests.swift */,
				9ED90D0127FC70FE00F50A4E /* HabbiTrackerUITestsLaunchTests.swift */,
			);
			path = HabinationUITests;
			sourceTree = "<group>";
		};
		9ED90D0E27FC720500F50A4E /* Core */ = {
			isa = PBXGroup;
			children = (
				9EE2C9A52822897E0001645E /* Modifers */,
				9EBEAC66281B0B1B0036125C /* Extensions */,
				9EBC57782805A7E1004EC3A4 /* Common */,
				9EBC577B28067BB5004EC3A4 /* ProfileScreen */,
				9E9E7B1027FED834005F75D3 /* RegistraionScreen */,
				9EBC578C2806E817004EC3A4 /* AuthorizationScreen */,
				9E769EF127FD842500A4B454 /* AddNewHabbitScreen */,
				9ED90D1927FC77A100F50A4E /* MainScreen */,
				9EBC578128069400004EC3A4 /* HabitScreen */,
				9ED90D1427FC770F00F50A4E /* Theme */,
			);
			path = Core;
			sourceTree = "<group>";
		};
		9ED90D1127FC727500F50A4E /* Model */ = {
			isa = PBXGroup;
			children = (
				9ED90D2127FC7B0B00F50A4E /* Habit.swift */,
				9ECC6ACF2823DFFD00E6F3D6 /* User.swift */,
			);
			path = Model;
			sourceTree = "<group>";
		};
		9ED90D1427FC770F00F50A4E /* Theme */ = {
			isa = PBXGroup;
			children = (
				9ED90D1527FC770F00F50A4E /* Colours.swift */,
				9ED90D1627FC770F00F50A4E /* ThemeColors.xcassets */,
			);
			path = Theme;
			sourceTree = "<group>";
		};
		9ED90D1927FC77A100F50A4E /* MainScreen */ = {
			isa = PBXGroup;
			children = (
				9ECC6AD82824147D00E6F3D6 /* ViewModel */,
				9ED90D1C27FC789400F50A4E /* Components */,
				9ED90D1A27FC77B200F50A4E /* MainScreen.swift */,
			);
			path = MainScreen;
			sourceTree = "<group>";
		};
		9ED90D1C27FC789400F50A4E /* Components */ = {
			isa = PBXGroup;
			children = (
				9ED90D2627FC7C2200F50A4E /* OneHabbitCard.swift */,
				9ED90D1F27FC7AF300F50A4E /* CardOfHabbits.swift */,
				9ED90D1D27FC78AE00F50A4E /* TimeLapseSheet.swift */,
				9ED90D2827FC7ECE00F50A4E /* SwiftUIView.swift */,
			);
			path = Components;
			sourceTree = "<group>";
		};
		9ED90D2327FC7BD100F50A4E /* Extension */ = {
			isa = PBXGroup;
			children = (
				9ED90D2427FC7BE200F50A4E /* HexToColor.swift */,
				9E9E7B162801D931005F75D3 /* PlaceHolderTextField.swift */,
				9ECC6AD62824035700E6F3D6 /* ColorToHex.swift */,
			);
			path = Extension;
			sourceTree = "<group>";
		};
		9EE2C9A02822617A0001645E /* ViewModel */ = {
			isa = PBXGroup;
			children = (
				9EE2C9A1282261870001645E /* ProfileViewModel.swift */,
			);
			path = ViewModel;
			sourceTree = "<group>";
		};
		9EE2C9A52822897E0001645E /* Modifers */ = {
			isa = PBXGroup;
			children = (
				9EE2C9A62822899A0001645E /* FontWithLineHeightModifier.swift */,
			);
			path = Modifers;
			sourceTree = "<group>";
		};
		CA88E293552D9A9A0C490ECD /* Frameworks */ = {
			isa = PBXGroup;
			children = (
				433C35785D4ECB2D75EFEEB2 /* Pods_Habination.framework */,
				C638ACAEAFF00014874B7A26 /* Pods_Habination_HabinationUITests.framework */,
				A9831306AC5BA5DCC635408E /* Pods_HabinationTests.framework */,
			);
			name = Frameworks;
			sourceTree = "<group>";
		};
/* End PBXGroup section */

/* Begin PBXNativeTarget section */
		9ED90CE027FC70FD00F50A4E /* Habination */ = {
			isa = PBXNativeTarget;
			buildConfigurationList = 9ED90D0527FC70FE00F50A4E /* Build configuration list for PBXNativeTarget "Habination" */;
			buildPhases = (
				3FD1C0B961FE6B7FDB0680CD /* [CP] Check Pods Manifest.lock */,
				9ED90CDD27FC70FD00F50A4E /* Sources */,
				9ED90CDE27FC70FD00F50A4E /* Frameworks */,
				9ED90CDF27FC70FD00F50A4E /* Resources */,
				A2BD2E53B8A4228F4020BC99 /* [CP] Embed Pods Frameworks */,
			);
			buildRules = (
			);
			dependencies = (
			);
			name = Habination;
			packageProductDependencies = (
			);
			productName = HabbiTracker;
			productReference = 9ED90CE127FC70FD00F50A4E /* Habination.app */;
			productType = "com.apple.product-type.application";
		};
		9ED90CF027FC70FE00F50A4E /* HabinationTests */ = {
			isa = PBXNativeTarget;
			buildConfigurationList = 9ED90D0827FC70FE00F50A4E /* Build configuration list for PBXNativeTarget "HabinationTests" */;
			buildPhases = (
				343B8CA8E1AD5D3153F65FB1 /* [CP] Check Pods Manifest.lock */,
				9ED90CED27FC70FE00F50A4E /* Sources */,
				9ED90CEE27FC70FE00F50A4E /* Frameworks */,
				9ED90CEF27FC70FE00F50A4E /* Resources */,
			);
			buildRules = (
			);
			dependencies = (
				9ED90CF327FC70FE00F50A4E /* PBXTargetDependency */,
			);
			name = HabinationTests;
			productName = HabbiTrackerTests;
			productReference = 9ED90CF127FC70FE00F50A4E /* HabinationTests.xctest */;
			productType = "com.apple.product-type.bundle.unit-test";
		};
		9ED90CFA27FC70FE00F50A4E /* HabinationUITests */ = {
			isa = PBXNativeTarget;
			buildConfigurationList = 9ED90D0B27FC70FE00F50A4E /* Build configuration list for PBXNativeTarget "HabinationUITests" */;
			buildPhases = (
				5C38104C986EC62350BA27E3 /* [CP] Check Pods Manifest.lock */,
				9ED90CF727FC70FE00F50A4E /* Sources */,
				9ED90CF827FC70FE00F50A4E /* Frameworks */,
				9ED90CF927FC70FE00F50A4E /* Resources */,
				7007F1A42256A113EF84254A /* [CP] Embed Pods Frameworks */,
			);
			buildRules = (
			);
			dependencies = (
				9ED90CFD27FC70FE00F50A4E /* PBXTargetDependency */,
			);
			name = HabinationUITests;
			productName = HabbiTrackerUITests;
			productReference = 9ED90CFB27FC70FE00F50A4E /* HabinationUITests.xctest */;
			productType = "com.apple.product-type.bundle.ui-testing";
		};
/* End PBXNativeTarget section */

/* Begin PBXProject section */
		9ED90CD927FC70FD00F50A4E /* Project object */ = {
			isa = PBXProject;
			attributes = {
				BuildIndependentTargetsInParallel = 1;
				LastSwiftUpdateCheck = 1320;
				LastUpgradeCheck = 1320;
				TargetAttributes = {
					9ED90CE027FC70FD00F50A4E = {
						CreatedOnToolsVersion = 13.2.1;
					};
					9ED90CF027FC70FE00F50A4E = {
						CreatedOnToolsVersion = 13.2.1;
						TestTargetID = 9ED90CE027FC70FD00F50A4E;
					};
					9ED90CFA27FC70FE00F50A4E = {
						CreatedOnToolsVersion = 13.2.1;
						TestTargetID = 9ED90CE027FC70FD00F50A4E;
					};
				};
			};
			buildConfigurationList = 9ED90CDC27FC70FD00F50A4E /* Build configuration list for PBXProject "Habination" */;
			compatibilityVersion = "Xcode 13.0";
			developmentRegion = en;
			hasScannedForEncodings = 0;
			knownRegions = (
				en,
				Base,
			);
			mainGroup = 9ED90CD827FC70FD00F50A4E;
			packageReferences = (
			);
			productRefGroup = 9ED90CE227FC70FD00F50A4E /* Products */;
			projectDirPath = "";
			projectRoot = "";
			targets = (
				9ED90CE027FC70FD00F50A4E /* Habination */,
				9ED90CF027FC70FE00F50A4E /* HabinationTests */,
				9ED90CFA27FC70FE00F50A4E /* HabinationUITests */,
			);
		};
/* End PBXProject section */

/* Begin PBXResourcesBuildPhase section */
		9ED90CDF27FC70FD00F50A4E /* Resources */ = {
			isa = PBXResourcesBuildPhase;
			buildActionMask = 2147483647;
			files = (
				9ED90D1827FC770F00F50A4E /* ThemeColors.xcassets in Resources */,
				9E34EA102822EC870073B7B7 /* GoogleService-Info.plist in Resources */,
				9ED90CEC27FC70FE00F50A4E /* Preview Assets.xcassets in Resources */,
				9ED90CE927FC70FE00F50A4E /* Assets.xcassets in Resources */,
			);
			runOnlyForDeploymentPostprocessing = 0;
		};
		9ED90CEF27FC70FE00F50A4E /* Resources */ = {
			isa = PBXResourcesBuildPhase;
			buildActionMask = 2147483647;
			files = (
			);
			runOnlyForDeploymentPostprocessing = 0;
		};
		9ED90CF927FC70FE00F50A4E /* Resources */ = {
			isa = PBXResourcesBuildPhase;
			buildActionMask = 2147483647;
			files = (
			);
			runOnlyForDeploymentPostprocessing = 0;
		};
/* End PBXResourcesBuildPhase section */

/* Begin PBXShellScriptBuildPhase section */
		343B8CA8E1AD5D3153F65FB1 /* [CP] Check Pods Manifest.lock */ = {
			isa = PBXShellScriptBuildPhase;
			buildActionMask = 2147483647;
			files = (
			);
			inputFileListPaths = (
			);
			inputPaths = (
				"${PODS_PODFILE_DIR_PATH}/Podfile.lock",
				"${PODS_ROOT}/Manifest.lock",
			);
			name = "[CP] Check Pods Manifest.lock";
			outputFileListPaths = (
			);
			outputPaths = (
				"$(DERIVED_FILE_DIR)/Pods-HabinationTests-checkManifestLockResult.txt",
			);
			runOnlyForDeploymentPostprocessing = 0;
			shellPath = /bin/sh;
			shellScript = "diff \"${PODS_PODFILE_DIR_PATH}/Podfile.lock\" \"${PODS_ROOT}/Manifest.lock\" > /dev/null\nif [ $? != 0 ] ; then\n    # print error to STDERR\n    echo \"error: The sandbox is not in sync with the Podfile.lock. Run 'pod install' or update your CocoaPods installation.\" >&2\n    exit 1\nfi\n# This output is used by Xcode 'outputs' to avoid re-running this script phase.\necho \"SUCCESS\" > \"${SCRIPT_OUTPUT_FILE_0}\"\n";
			showEnvVarsInLog = 0;
		};
		3FD1C0B961FE6B7FDB0680CD /* [CP] Check Pods Manifest.lock */ = {
			isa = PBXShellScriptBuildPhase;
			buildActionMask = 2147483647;
			files = (
			);
			inputFileListPaths = (
			);
			inputPaths = (
				"${PODS_PODFILE_DIR_PATH}/Podfile.lock",
				"${PODS_ROOT}/Manifest.lock",
			);
			name = "[CP] Check Pods Manifest.lock";
			outputFileListPaths = (
			);
			outputPaths = (
				"$(DERIVED_FILE_DIR)/Pods-Habination-checkManifestLockResult.txt",
			);
			runOnlyForDeploymentPostprocessing = 0;
			shellPath = /bin/sh;
			shellScript = "diff \"${PODS_PODFILE_DIR_PATH}/Podfile.lock\" \"${PODS_ROOT}/Manifest.lock\" > /dev/null\nif [ $? != 0 ] ; then\n    # print error to STDERR\n    echo \"error: The sandbox is not in sync with the Podfile.lock. Run 'pod install' or update your CocoaPods installation.\" >&2\n    exit 1\nfi\n# This output is used by Xcode 'outputs' to avoid re-running this script phase.\necho \"SUCCESS\" > \"${SCRIPT_OUTPUT_FILE_0}\"\n";
			showEnvVarsInLog = 0;
		};
		5C38104C986EC62350BA27E3 /* [CP] Check Pods Manifest.lock */ = {
			isa = PBXShellScriptBuildPhase;
			buildActionMask = 2147483647;
			files = (
			);
			inputFileListPaths = (
			);
			inputPaths = (
				"${PODS_PODFILE_DIR_PATH}/Podfile.lock",
				"${PODS_ROOT}/Manifest.lock",
			);
			name = "[CP] Check Pods Manifest.lock";
			outputFileListPaths = (
			);
			outputPaths = (
				"$(DERIVED_FILE_DIR)/Pods-Habination-HabinationUITests-checkManifestLockResult.txt",
			);
			runOnlyForDeploymentPostprocessing = 0;
			shellPath = /bin/sh;
			shellScript = "diff \"${PODS_PODFILE_DIR_PATH}/Podfile.lock\" \"${PODS_ROOT}/Manifest.lock\" > /dev/null\nif [ $? != 0 ] ; then\n    # print error to STDERR\n    echo \"error: The sandbox is not in sync with the Podfile.lock. Run 'pod install' or update your CocoaPods installation.\" >&2\n    exit 1\nfi\n# This output is used by Xcode 'outputs' to avoid re-running this script phase.\necho \"SUCCESS\" > \"${SCRIPT_OUTPUT_FILE_0}\"\n";
			showEnvVarsInLog = 0;
		};
		7007F1A42256A113EF84254A /* [CP] Embed Pods Frameworks */ = {
			isa = PBXShellScriptBuildPhase;
			buildActionMask = 2147483647;
			files = (
			);
			inputFileListPaths = (
				"${PODS_ROOT}/Target Support Files/Pods-Habination-HabinationUITests/Pods-Habination-HabinationUITests-frameworks-${CONFIGURATION}-input-files.xcfilelist",
			);
			name = "[CP] Embed Pods Frameworks";
			outputFileListPaths = (
				"${PODS_ROOT}/Target Support Files/Pods-Habination-HabinationUITests/Pods-Habination-HabinationUITests-frameworks-${CONFIGURATION}-output-files.xcfilelist",
			);
			runOnlyForDeploymentPostprocessing = 0;
			shellPath = /bin/sh;
			shellScript = "\"${PODS_ROOT}/Target Support Files/Pods-Habination-HabinationUITests/Pods-Habination-HabinationUITests-frameworks.sh\"\n";
			showEnvVarsInLog = 0;
		};
		A2BD2E53B8A4228F4020BC99 /* [CP] Embed Pods Frameworks */ = {
			isa = PBXShellScriptBuildPhase;
			buildActionMask = 2147483647;
			files = (
			);
			inputFileListPaths = (
				"${PODS_ROOT}/Target Support Files/Pods-Habination/Pods-Habination-frameworks-${CONFIGURATION}-input-files.xcfilelist",
			);
			name = "[CP] Embed Pods Frameworks";
			outputFileListPaths = (
				"${PODS_ROOT}/Target Support Files/Pods-Habination/Pods-Habination-frameworks-${CONFIGURATION}-output-files.xcfilelist",
			);
			runOnlyForDeploymentPostprocessing = 0;
			shellPath = /bin/sh;
			shellScript = "\"${PODS_ROOT}/Target Support Files/Pods-Habination/Pods-Habination-frameworks.sh\"\n";
			showEnvVarsInLog = 0;
		};
/* End PBXShellScriptBuildPhase section */

/* Begin PBXSourcesBuildPhase section */
		9ED90CDD27FC70FD00F50A4E /* Sources */ = {
			isa = PBXSourcesBuildPhase;
			buildActionMask = 2147483647;
			files = (
				9EE2C9A4282266350001645E /* ProfileCarousel.swift in Sources */,
				9E34EA152822F9550073B7B7 /* RegistrationViewModel.swift in Sources */,
				9E769EF027FD82D800A4B454 /* AddNewHabbitScreen.swift in Sources */,
				9E769EF527FD844D00A4B454 /* CustomDropDownList.swift in Sources */,
				9E769EF727FD845500A4B454 /* ChooseReminder.swift in Sources */,
				9EBEAC6A281BF2780036125C /* GetAllDateExtensionToDate.swift in Sources */,
				9EE2C9A72822899A0001645E /* FontWithLineHeightModifier.swift in Sources */,
				9ECC6AD22823EF4E00E6F3D6 /* HabitService.swift in Sources */,
				9EBEAC7728222C5C0036125C /* ProgressCircle.swift in Sources */,
				9EBC577D28067BC5004EC3A4 /* ProfileScreen.swift in Sources */,
				9ECC6AD72824035700E6F3D6 /* ColorToHex.swift in Sources */,
				9ED90D1E27FC78AE00F50A4E /* TimeLapseSheet.swift in Sources */,
				9EBC578E2806E8BB004EC3A4 /* AuthorizationScreen.swift in Sources */,
				9E9E7B1527FF3596005F75D3 /* CustomTextField.swift in Sources */,
				9ED90D2727FC7C2200F50A4E /* OneHabbitCard.swift in Sources */,
				9ED90D2227FC7B0B00F50A4E /* Habit.swift in Sources */,
				9EBC57882806A35C004EC3A4 /* ListRowOfHabbitProperty.swift in Sources */,
				9ED90D2527FC7BE200F50A4E /* HexToColor.swift in Sources */,
				9EBC578B2806A51E004EC3A4 /* DateValue.swift in Sources */,
				9ECC6AD52823F85F00E6F3D6 /* AddNewHabitViewModel.swift in Sources */,
				9EBEAC6C281BF2B60036125C /* FontWithLineHeight.swift in Sources */,
				9ECC6ADA2824148C00E6F3D6 /* MainScreenViewModel.swift in Sources */,
				9ED90D2927FC7ECE00F50A4E /* SwiftUIView.swift in Sources */,
				9ED90D1B27FC77B200F50A4E /* MainScreen.swift in Sources */,
				9ED90D2027FC7AF300F50A4E /* CardOfHabbits.swift in Sources */,
				9ECC6ACE2823DBF400E6F3D6 /* UserService.swift in Sources */,
				9EBC57902806F40F004EC3A4 /* BottomNavigation.swift in Sources */,
				9E34EA132822EEF40073B7B7 /* AuthorizationViewModel.swift in Sources */,
				9E9E7B172801D931005F75D3 /* PlaceHolderTextField.swift in Sources */,
				9ED90CE727FC70FD00F50A4E /* ContentView.swift in Sources */,
				9ED90D1727FC770F00F50A4E /* Colours.swift in Sources */,
				9E9E7B1327FED8C9005F75D3 /* RegistrationScreen.swift in Sources */,
				9EED70AC281167FD00AD9999 /* ProfileHabbitsCard.swift in Sources */,
				9EE2C9A2282261870001645E /* ProfileViewModel.swift in Sources */,
				9EBEAC68281B0B400036125C /* CornerRadiusToView.swift in Sources */,
				9EBC577A2805A7F1004EC3A4 /* PlaceHolderStyle.swift in Sources */,
				9ECC6AD02823DFFD00E6F3D6 /* User.swift in Sources */,
				9EBC578528069457004EC3A4 /* HabitScreen.swift in Sources */,
				9ED90D2B27FC7EE600F50A4E /* BigButton.swift in Sources */,
				9ED90CE527FC70FD00F50A4E /* HabbiTrackerApp.swift in Sources */,
			);
			runOnlyForDeploymentPostprocessing = 0;
		};
		9ED90CED27FC70FE00F50A4E /* Sources */ = {
			isa = PBXSourcesBuildPhase;
			buildActionMask = 2147483647;
			files = (
				9ED90CF627FC70FE00F50A4E /* HabbiTrackerTests.swift in Sources */,
			);
			runOnlyForDeploymentPostprocessing = 0;
		};
		9ED90CF727FC70FE00F50A4E /* Sources */ = {
			isa = PBXSourcesBuildPhase;
			buildActionMask = 2147483647;
			files = (
				9ED90D0227FC70FE00F50A4E /* HabbiTrackerUITestsLaunchTests.swift in Sources */,
				9ED90D0027FC70FE00F50A4E /* HabbiTrackerUITests.swift in Sources */,
			);
			runOnlyForDeploymentPostprocessing = 0;
		};
/* End PBXSourcesBuildPhase section */

/* Begin PBXTargetDependency section */
		9ED90CF327FC70FE00F50A4E /* PBXTargetDependency */ = {
			isa = PBXTargetDependency;
			target = 9ED90CE027FC70FD00F50A4E /* Habination */;
			targetProxy = 9ED90CF227FC70FE00F50A4E /* PBXContainerItemProxy */;
		};
		9ED90CFD27FC70FE00F50A4E /* PBXTargetDependency */ = {
			isa = PBXTargetDependency;
			target = 9ED90CE027FC70FD00F50A4E /* Habination */;
			targetProxy = 9ED90CFC27FC70FE00F50A4E /* PBXContainerItemProxy */;
		};
/* End PBXTargetDependency section */

/* Begin XCBuildConfiguration section */
		9ED90D0327FC70FE00F50A4E /* Debug */ = {
			isa = XCBuildConfiguration;
			buildSettings = {
				ALWAYS_SEARCH_USER_PATHS = NO;
				CLANG_ANALYZER_NONNULL = YES;
				CLANG_ANALYZER_NUMBER_OBJECT_CONVERSION = YES_AGGRESSIVE;
				CLANG_CXX_LANGUAGE_STANDARD = "gnu++17";
				CLANG_CXX_LIBRARY = "libc++";
				CLANG_ENABLE_MODULES = YES;
				CLANG_ENABLE_OBJC_ARC = YES;
				CLANG_ENABLE_OBJC_WEAK = YES;
				CLANG_WARN_BLOCK_CAPTURE_AUTORELEASING = YES;
				CLANG_WARN_BOOL_CONVERSION = YES;
				CLANG_WARN_COMMA = YES;
				CLANG_WARN_CONSTANT_CONVERSION = YES;
				CLANG_WARN_DEPRECATED_OBJC_IMPLEMENTATIONS = YES;
				CLANG_WARN_DIRECT_OBJC_ISA_USAGE = YES_ERROR;
				CLANG_WARN_DOCUMENTATION_COMMENTS = YES;
				CLANG_WARN_EMPTY_BODY = YES;
				CLANG_WARN_ENUM_CONVERSION = YES;
				CLANG_WARN_INFINITE_RECURSION = YES;
				CLANG_WARN_INT_CONVERSION = YES;
				CLANG_WARN_NON_LITERAL_NULL_CONVERSION = YES;
				CLANG_WARN_OBJC_IMPLICIT_RETAIN_SELF = YES;
				CLANG_WARN_OBJC_LITERAL_CONVERSION = YES;
				CLANG_WARN_OBJC_ROOT_CLASS = YES_ERROR;
				CLANG_WARN_QUOTED_INCLUDE_IN_FRAMEWORK_HEADER = YES;
				CLANG_WARN_RANGE_LOOP_ANALYSIS = YES;
				CLANG_WARN_STRICT_PROTOTYPES = YES;
				CLANG_WARN_SUSPICIOUS_MOVE = YES;
				CLANG_WARN_UNGUARDED_AVAILABILITY = YES_AGGRESSIVE;
				CLANG_WARN_UNREACHABLE_CODE = YES;
				CLANG_WARN__DUPLICATE_METHOD_MATCH = YES;
				COPY_PHASE_STRIP = NO;
				DEBUG_INFORMATION_FORMAT = dwarf;
				ENABLE_STRICT_OBJC_MSGSEND = YES;
				ENABLE_TESTABILITY = YES;
				GCC_C_LANGUAGE_STANDARD = gnu11;
				GCC_DYNAMIC_NO_PIC = NO;
				GCC_NO_COMMON_BLOCKS = YES;
				GCC_OPTIMIZATION_LEVEL = 0;
				GCC_PREPROCESSOR_DEFINITIONS = (
					"DEBUG=1",
					"$(inherited)",
				);
				GCC_WARN_64_TO_32_BIT_CONVERSION = YES;
				GCC_WARN_ABOUT_RETURN_TYPE = YES_ERROR;
				GCC_WARN_UNDECLARED_SELECTOR = YES;
				GCC_WARN_UNINITIALIZED_AUTOS = YES_AGGRESSIVE;
				GCC_WARN_UNUSED_FUNCTION = YES;
				GCC_WARN_UNUSED_VARIABLE = YES;
				IPHONEOS_DEPLOYMENT_TARGET = 15.2;
				MTL_ENABLE_DEBUG_INFO = INCLUDE_SOURCE;
				MTL_FAST_MATH = YES;
				ONLY_ACTIVE_ARCH = YES;
				SDKROOT = iphoneos;
				SWIFT_ACTIVE_COMPILATION_CONDITIONS = DEBUG;
				SWIFT_OPTIMIZATION_LEVEL = "-Onone";
			};
			name = Debug;
		};
		9ED90D0427FC70FE00F50A4E /* Release */ = {
			isa = XCBuildConfiguration;
			buildSettings = {
				ALWAYS_SEARCH_USER_PATHS = NO;
				CLANG_ANALYZER_NONNULL = YES;
				CLANG_ANALYZER_NUMBER_OBJECT_CONVERSION = YES_AGGRESSIVE;
				CLANG_CXX_LANGUAGE_STANDARD = "gnu++17";
				CLANG_CXX_LIBRARY = "libc++";
				CLANG_ENABLE_MODULES = YES;
				CLANG_ENABLE_OBJC_ARC = YES;
				CLANG_ENABLE_OBJC_WEAK = YES;
				CLANG_WARN_BLOCK_CAPTURE_AUTORELEASING = YES;
				CLANG_WARN_BOOL_CONVERSION = YES;
				CLANG_WARN_COMMA = YES;
				CLANG_WARN_CONSTANT_CONVERSION = YES;
				CLANG_WARN_DEPRECATED_OBJC_IMPLEMENTATIONS = YES;
				CLANG_WARN_DIRECT_OBJC_ISA_USAGE = YES_ERROR;
				CLANG_WARN_DOCUMENTATION_COMMENTS = YES;
				CLANG_WARN_EMPTY_BODY = YES;
				CLANG_WARN_ENUM_CONVERSION = YES;
				CLANG_WARN_INFINITE_RECURSION = YES;
				CLANG_WARN_INT_CONVERSION = YES;
				CLANG_WARN_NON_LITERAL_NULL_CONVERSION = YES;
				CLANG_WARN_OBJC_IMPLICIT_RETAIN_SELF = YES;
				CLANG_WARN_OBJC_LITERAL_CONVERSION = YES;
				CLANG_WARN_OBJC_ROOT_CLASS = YES_ERROR;
				CLANG_WARN_QUOTED_INCLUDE_IN_FRAMEWORK_HEADER = YES;
				CLANG_WARN_RANGE_LOOP_ANALYSIS = YES;
				CLANG_WARN_STRICT_PROTOTYPES = YES;
				CLANG_WARN_SUSPICIOUS_MOVE = YES;
				CLANG_WARN_UNGUARDED_AVAILABILITY = YES_AGGRESSIVE;
				CLANG_WARN_UNREACHABLE_CODE = YES;
				CLANG_WARN__DUPLICATE_METHOD_MATCH = YES;
				COPY_PHASE_STRIP = NO;
				DEBUG_INFORMATION_FORMAT = "dwarf-with-dsym";
				ENABLE_NS_ASSERTIONS = NO;
				ENABLE_STRICT_OBJC_MSGSEND = YES;
				GCC_C_LANGUAGE_STANDARD = gnu11;
				GCC_NO_COMMON_BLOCKS = YES;
				GCC_WARN_64_TO_32_BIT_CONVERSION = YES;
				GCC_WARN_ABOUT_RETURN_TYPE = YES_ERROR;
				GCC_WARN_UNDECLARED_SELECTOR = YES;
				GCC_WARN_UNINITIALIZED_AUTOS = YES_AGGRESSIVE;
				GCC_WARN_UNUSED_FUNCTION = YES;
				GCC_WARN_UNUSED_VARIABLE = YES;
				IPHONEOS_DEPLOYMENT_TARGET = 15.2;
				MTL_ENABLE_DEBUG_INFO = NO;
				MTL_FAST_MATH = YES;
				SDKROOT = iphoneos;
				SWIFT_COMPILATION_MODE = wholemodule;
				SWIFT_OPTIMIZATION_LEVEL = "-O";
				VALIDATE_PRODUCT = YES;
			};
			name = Release;
		};
		9ED90D0627FC70FE00F50A4E /* Debug */ = {
			isa = XCBuildConfiguration;
			baseConfigurationReference = AAA79FEBF33CB419C5CE3576 /* Pods-Habination.debug.xcconfig */;
			buildSettings = {
				ASSETCATALOG_COMPILER_APPICON_NAME = AppIcon;
				ASSETCATALOG_COMPILER_GLOBAL_ACCENT_COLOR_NAME = AccentColor;
				CODE_SIGN_STYLE = Automatic;
				CURRENT_PROJECT_VERSION = 1;
				DEVELOPMENT_ASSET_PATHS = "\"Habination/Preview Content\"";
				DEVELOPMENT_TEAM = SKQ45W8MWT;
				ENABLE_PREVIEWS = YES;
				GENERATE_INFOPLIST_FILE = YES;
				INFOPLIST_KEY_UIApplicationSceneManifest_Generation = YES;
				INFOPLIST_KEY_UIApplicationSupportsIndirectInputEvents = YES;
				INFOPLIST_KEY_UILaunchScreen_Generation = YES;
				INFOPLIST_KEY_UISupportedInterfaceOrientations_iPad = "UIInterfaceOrientationPortrait UIInterfaceOrientationPortraitUpsideDown UIInterfaceOrientationLandscapeLeft UIInterfaceOrientationLandscapeRight";
				INFOPLIST_KEY_UISupportedInterfaceOrientations_iPhone = "UIInterfaceOrientationPortrait UIInterfaceOrientationLandscapeLeft UIInterfaceOrientationLandscapeRight";
				LD_RUNPATH_SEARCH_PATHS = (
					"$(inherited)",
					"@executable_path/Frameworks",
				);
				MARKETING_VERSION = 1.0;
				PRODUCT_BUNDLE_IDENTIFIER = HazelTanget.Habination;
				PRODUCT_NAME = "$(TARGET_NAME)";
				SWIFT_EMIT_LOC_STRINGS = YES;
				SWIFT_VERSION = 5.0;
				TARGETED_DEVICE_FAMILY = "1,2";
			};
			name = Debug;
		};
		9ED90D0727FC70FE00F50A4E /* Release */ = {
			isa = XCBuildConfiguration;
			baseConfigurationReference = CAEB6314E83C373B3D31966F /* Pods-Habination.release.xcconfig */;
			buildSettings = {
				ASSETCATALOG_COMPILER_APPICON_NAME = AppIcon;
				ASSETCATALOG_COMPILER_GLOBAL_ACCENT_COLOR_NAME = AccentColor;
				CODE_SIGN_STYLE = Automatic;
				CURRENT_PROJECT_VERSION = 1;
				DEVELOPMENT_ASSET_PATHS = "\"Habination/Preview Content\"";
				DEVELOPMENT_TEAM = SKQ45W8MWT;
				ENABLE_PREVIEWS = YES;
				GENERATE_INFOPLIST_FILE = YES;
				INFOPLIST_KEY_UIApplicationSceneManifest_Generation = YES;
				INFOPLIST_KEY_UIApplicationSupportsIndirectInputEvents = YES;
				INFOPLIST_KEY_UILaunchScreen_Generation = YES;
				INFOPLIST_KEY_UISupportedInterfaceOrientations_iPad = "UIInterfaceOrientationPortrait UIInterfaceOrientationPortraitUpsideDown UIInterfaceOrientationLandscapeLeft UIInterfaceOrientationLandscapeRight";
				INFOPLIST_KEY_UISupportedInterfaceOrientations_iPhone = "UIInterfaceOrientationPortrait UIInterfaceOrientationLandscapeLeft UIInterfaceOrientationLandscapeRight";
				LD_RUNPATH_SEARCH_PATHS = (
					"$(inherited)",
					"@executable_path/Frameworks",
				);
				MARKETING_VERSION = 1.0;
				PRODUCT_BUNDLE_IDENTIFIER = HazelTanget.Habination;
				PRODUCT_NAME = "$(TARGET_NAME)";
				SWIFT_EMIT_LOC_STRINGS = YES;
				SWIFT_VERSION = 5.0;
				TARGETED_DEVICE_FAMILY = "1,2";
			};
			name = Release;
		};
		9ED90D0927FC70FE00F50A4E /* Debug */ = {
			isa = XCBuildConfiguration;
			baseConfigurationReference = D8F34ADB769000DDDB36F6F1 /* Pods-HabinationTests.debug.xcconfig */;
			buildSettings = {
				ALWAYS_EMBED_SWIFT_STANDARD_LIBRARIES = YES;
				BUNDLE_LOADER = "$(TEST_HOST)";
				CODE_SIGN_STYLE = Automatic;
				CURRENT_PROJECT_VERSION = 1;
				DEVELOPMENT_TEAM = SKQ45W8MWT;
				GENERATE_INFOPLIST_FILE = YES;
				IPHONEOS_DEPLOYMENT_TARGET = 15.2;
				MARKETING_VERSION = 1.0;
				PRODUCT_BUNDLE_IDENTIFIER = HazelTanget.HabbiTrackerTests;
				PRODUCT_NAME = "$(TARGET_NAME)";
				SWIFT_EMIT_LOC_STRINGS = NO;
				SWIFT_VERSION = 5.0;
				TARGETED_DEVICE_FAMILY = "1,2";
				TEST_HOST = "$(BUILT_PRODUCTS_DIR)/Habination.app/Habination";
			};
			name = Debug;
		};
		9ED90D0A27FC70FE00F50A4E /* Release */ = {
			isa = XCBuildConfiguration;
			baseConfigurationReference = 00141F2D6F7C0840A2030238 /* Pods-HabinationTests.release.xcconfig */;
			buildSettings = {
				ALWAYS_EMBED_SWIFT_STANDARD_LIBRARIES = YES;
				BUNDLE_LOADER = "$(TEST_HOST)";
				CODE_SIGN_STYLE = Automatic;
				CURRENT_PROJECT_VERSION = 1;
				DEVELOPMENT_TEAM = SKQ45W8MWT;
				GENERATE_INFOPLIST_FILE = YES;
				IPHONEOS_DEPLOYMENT_TARGET = 15.2;
				MARKETING_VERSION = 1.0;
				PRODUCT_BUNDLE_IDENTIFIER = HazelTanget.HabbiTrackerTests;
				PRODUCT_NAME = "$(TARGET_NAME)";
				SWIFT_EMIT_LOC_STRINGS = NO;
				SWIFT_VERSION = 5.0;
				TARGETED_DEVICE_FAMILY = "1,2";
				TEST_HOST = "$(BUILT_PRODUCTS_DIR)/Habination.app/Habination";
			};
			name = Release;
		};
		9ED90D0C27FC70FE00F50A4E /* Debug */ = {
			isa = XCBuildConfiguration;
			baseConfigurationReference = 3E83BCD453F48EF76A2B0E77 /* Pods-Habination-HabinationUITests.debug.xcconfig */;
			buildSettings = {
				ALWAYS_EMBED_SWIFT_STANDARD_LIBRARIES = YES;
				CODE_SIGN_STYLE = Automatic;
				CURRENT_PROJECT_VERSION = 1;
				DEVELOPMENT_TEAM = SKQ45W8MWT;
				GENERATE_INFOPLIST_FILE = YES;
				MARKETING_VERSION = 1.0;
				PRODUCT_BUNDLE_IDENTIFIER = HazelTanget.HabbiTrackerUITests;
				PRODUCT_NAME = "$(TARGET_NAME)";
				SWIFT_EMIT_LOC_STRINGS = NO;
				SWIFT_VERSION = 5.0;
				TARGETED_DEVICE_FAMILY = "1,2";
				TEST_TARGET_NAME = HabbiTracker;
			};
			name = Debug;
		};
		9ED90D0D27FC70FE00F50A4E /* Release */ = {
			isa = XCBuildConfiguration;
			baseConfigurationReference = AFB88723B3F17F8F22782321 /* Pods-Habination-HabinationUITests.release.xcconfig */;
			buildSettings = {
				ALWAYS_EMBED_SWIFT_STANDARD_LIBRARIES = YES;
				CODE_SIGN_STYLE = Automatic;
				CURRENT_PROJECT_VERSION = 1;
				DEVELOPMENT_TEAM = SKQ45W8MWT;
				GENERATE_INFOPLIST_FILE = YES;
				MARKETING_VERSION = 1.0;
				PRODUCT_BUNDLE_IDENTIFIER = HazelTanget.HabbiTrackerUITests;
				PRODUCT_NAME = "$(TARGET_NAME)";
				SWIFT_EMIT_LOC_STRINGS = NO;
				SWIFT_VERSION = 5.0;
				TARGETED_DEVICE_FAMILY = "1,2";
				TEST_TARGET_NAME = HabbiTracker;
			};
			name = Release;
		};
/* End XCBuildConfiguration section */

/* Begin XCConfigurationList section */
		9ED90CDC27FC70FD00F50A4E /* Build configuration list for PBXProject "Habination" */ = {
			isa = XCConfigurationList;
			buildConfigurations = (
				9ED90D0327FC70FE00F50A4E /* Debug */,
				9ED90D0427FC70FE00F50A4E /* Release */,
			);
			defaultConfigurationIsVisible = 0;
			defaultConfigurationName = Release;
		};
		9ED90D0527FC70FE00F50A4E /* Build configuration list for PBXNativeTarget "Habination" */ = {
			isa = XCConfigurationList;
			buildConfigurations = (
				9ED90D0627FC70FE00F50A4E /* Debug */,
				9ED90D0727FC70FE00F50A4E /* Release */,
			);
			defaultConfigurationIsVisible = 0;
			defaultConfigurationName = Release;
		};
		9ED90D0827FC70FE00F50A4E /* Build configuration list for PBXNativeTarget "HabinationTests" */ = {
			isa = XCConfigurationList;
			buildConfigurations = (
				9ED90D0927FC70FE00F50A4E /* Debug */,
				9ED90D0A27FC70FE00F50A4E /* Release */,
			);
			defaultConfigurationIsVisible = 0;
			defaultConfigurationName = Release;
		};
		9ED90D0B27FC70FE00F50A4E /* Build configuration list for PBXNativeTarget "HabinationUITests" */ = {
			isa = XCConfigurationList;
			buildConfigurations = (
				9ED90D0C27FC70FE00F50A4E /* Debug */,
				9ED90D0D27FC70FE00F50A4E /* Release */,
			);
			defaultConfigurationIsVisible = 0;
			defaultConfigurationName = Release;
		};
/* End XCConfigurationList section */
	};
	rootObject = 9ED90CD927FC70FD00F50A4E /* Project object */;
}
